<?xml version="1.0" encoding="UTF-8"?>
<Scheme
   version = "1.3">
   <BuildAction>
      <BuildActionEntries>
         <BuildActionEntry
            buildForRunning = "YES">
            <BuildableReference
               BuildableIdentifier = "primary"
               BlueprintIdentifier = "0940D4BE2170AE3700036E45"
               BuildableName = "UI Modal ViewController.app"
               BlueprintName = "UI Modal ViewController"
               ReferencedContainer = "container:UI Modal ViewController.xcodeproj">
            </BuildableReference>
         </BuildActionEntry>
      </BuildActionEntries>
   </BuildAction>
   <LaunchAction
      useCustomWorkingDirectory = "NO"
      buildConfiguration = "Debug"
      allowLocationSimulation = "YES">
      <BuildableProductRunnable>
         <BuildableReference
            BuildableIdentifier = "primary"
            BlueprintIdentifier = "0940D4BE2170AE3700036E45"
            BuildableName = "UI Modal ViewController.app"
            BlueprintName = "UI Modal ViewController"
            ReferencedContainer = "container:UI Modal ViewController.xcodeproj">
         </BuildableReference>
      </BuildableProductRunnable>
   </LaunchAction>
</Scheme>
